
Microsoft Visual Studio Solution File, Format Version 12.00
# Visual Studio Version 17
VisualStudioVersion = 17.0.31903.59
MinimumVisualStudioVersion = 10.0.40219.1
Project("{FAE04EC0-301F-11D3-BF4B-00C04F79EFBC}") = "LearnMyCalculatorApp", "LearnMyCalculatorApp.csproj", "{172CAA95-4ADB-4282-B42E-A539935D1141}"
EndProject
Project("{FAE04EC0-301F-11D3-BF4B-00C04F79EFBC}") = "LearnMyCalculatorApp.Tests", "..\LearnMyCalculatorApp.Tests\LearnMyCalculatorApp.Tests.csproj", "{51E5F1BA-05C4-4232-A245-6F4202CD17CF}"
EndProject
Global
	GlobalSection(SolutionConfigurationPlatforms) = preSolution
		Debug|Any CPU = Debug|Any CPU
		Release|Any CPU = Release|Any CPU
	EndGlobalSection
	GlobalSection(ProjectConfigurationPlatforms) = postSolution
		{172CAA95-4ADB-4282-B42E-A539935D1141}.Debug|Any CPU.ActiveCfg = Debug|Any CPU
		{172CAA95-4ADB-4282-B42E-A539935D1141}.Debug|Any CPU.Build.0 = Debug|Any CPU
		{172CAA95-4ADB-4282-B42E-A539935D1141}.Release|Any CPU.ActiveCfg = Release|Any CPU
		{172CAA95-4ADB-4282-B42E-A539935D1141}.Release|Any CPU.Build.0 = Release|Any CPU
		{51E5F1BA-05C4-4232-A245-6F4202CD17CF}.Debug|Any CPU.ActiveCfg = Debug|Any CPU
		{51E5F1BA-05C4-4232-A245-6F4202CD17CF}.Debug|Any CPU.Build.0 = Debug|Any CPU
		{51E5F1BA-05C4-4232-A245-6F4202CD17CF}.Release|Any CPU.ActiveCfg = Release|Any CPU
		{51E5F1BA-05C4-4232-A245-6F4202CD17CF}.Release|Any CPU.Build.0 = Release|Any CPU
	EndGlobalSection
	GlobalSection(SolutionProperties) = preSolution
		HideSolutionNode = FALSE
	EndGlobalSection
	GlobalSection(ExtensibilityGlobals) = postSolution
		SolutionGuid = {1679DB14-1C9A-41BD-AAF2-F2C991A04BDE}
	EndGlobalSection
EndGlobal
